
Microsoft Visual Studio Solution File, Format Version 12.00
# Visual Studio Version 17
VisualStudioVersion = 17.5.002.0
MinimumVisualStudioVersion = 10.0.40219.1
Project("{9A19103F-16F7-4668-BE54-9A1E7A4F7556}") = "api", "api.csproj", "{FAAE8086-DAA5-4D0F-8751-6EAC88FD5737}"
EndProject
Global
	GlobalSection(SolutionConfigurationPlatforms) = preSolution
		Debug|Any CPU = Debug|Any CPU
		Release|Any CPU = Release|Any CPU
	EndGlobalSection
	GlobalSection(ProjectConfigurationPlatforms) = postSolution
		{FAAE8086-DAA5-4D0F-8751-6EAC88FD5737}.Debug|Any CPU.ActiveCfg = Debug|Any CPU
		{FAAE8086-DAA5-4D0F-8751-6EAC88FD5737}.Debug|Any CPU.Build.0 = Debug|Any CPU
		{FAAE8086-DAA5-4D0F-8751-6EAC88FD5737}.Release|Any CPU.ActiveCfg = Release|Any CPU
		{FAAE8086-DAA5-4D0F-8751-6EAC88FD5737}.Release|Any CPU.Build.0 = Release|Any CPU
	EndGlobalSection
	GlobalSection(SolutionProperties) = preSolution
		HideSolutionNode = FALSE
	EndGlobalSection
	GlobalSection(ExtensibilityGlobals) = postSolution
		SolutionGuid = {8D6099A6-3342-47B0-862A-66C8821AD944}
	EndGlobalSection
EndGlobal
